
Microsoft Visual Studio Solution File, Format Version 12.00
# Visual Studio Version 16
VisualStudioVersion = 16.0.32630.194
MinimumVisualStudioVersion = 10.0.40219.1
Project("{FAE04EC0-301F-11D3-BF4B-00C04F79EFBC}") = "eTickets", "eTickets\eTickets.csproj", "{D9178C14-D563-4716-A7DB-5B8E4A53ABF2}"
EndProject
Global
	GlobalSection(SolutionConfigurationPlatforms) = preSolution
		Debug|Any CPU = Debug|Any CPU
		Release|Any CPU = Release|Any CPU
	EndGlobalSection
	GlobalSection(ProjectConfigurationPlatforms) = postSolution
		{D9178C14-D563-4716-A7DB-5B8E4A53ABF2}.Debug|Any CPU.ActiveCfg = Debug|Any CPU
		{D9178C14-D563-4716-A7DB-5B8E4A53ABF2}.Debug|Any CPU.Build.0 = Debug|Any CPU
		{D9178C14-D563-4716-A7DB-5B8E4A53ABF2}.Release|Any CPU.ActiveCfg = Release|Any CPU
		{D9178C14-D563-4716-A7DB-5B8E4A53ABF2}.Release|Any CPU.Build.0 = Release|Any CPU
	EndGlobalSection
	GlobalSection(SolutionProperties) = preSolution
		HideSolutionNode = FALSE
	EndGlobalSection
	GlobalSection(ExtensibilityGlobals) = postSolution
		SolutionGuid = {462B4FAD-4803-4CFC-BB41-F6062FD963BF}
	EndGlobalSection
EndGlobal
